
Microsoft Visual Studio Solution File, Format Version 12.00
# Visual Studio Version 16
VisualStudioVersion = 16.0.31729.503
MinimumVisualStudioVersion = 10.0.40219.1
Project("{FAE04EC0-301F-11D3-BF4B-00C04F79EFBC}") = "lb2", "lb2\lb2.csproj", "{B0E2C067-97C1-4408-B521-B1962A98ACBE}"
EndProject
Global
	GlobalSection(SolutionConfigurationPlatforms) = preSolution
		Debug|Any CPU = Debug|Any CPU
		Release|Any CPU = Release|Any CPU
	EndGlobalSection
	GlobalSection(ProjectConfigurationPlatforms) = postSolution
		{B0E2C067-97C1-4408-B521-B1962A98ACBE}.Debug|Any CPU.ActiveCfg = Debug|Any CPU
		{B0E2C067-97C1-4408-B521-B1962A98ACBE}.Debug|Any CPU.Build.0 = Debug|Any CPU
		{B0E2C067-97C1-4408-B521-B1962A98ACBE}.Release|Any CPU.ActiveCfg = Release|Any CPU
		{B0E2C067-97C1-4408-B521-B1962A98ACBE}.Release|Any CPU.Build.0 = Release|Any CPU
	EndGlobalSection
	GlobalSection(SolutionProperties) = preSolution
		HideSolutionNode = FALSE
	EndGlobalSection
	GlobalSection(ExtensibilityGlobals) = postSolution
		SolutionGuid = {E0FC7402-C208-4FC5-A401-54B6F65BE610}
	EndGlobalSection
EndGlobal
